
Microsoft Visual Studio Solution File, Format Version 12.00
# Visual Studio Version 16
VisualStudioVersion = 16.0.30523.141
MinimumVisualStudioVersion = 10.0.40219.1
Project("{F184B08F-C81C-45F6-A57F-5ABD9991F28F}") = "StraviaTEC-backend", "StraviaTEC-backend.vbproj", "{FDE742E2-1D44-4B13-8E3D-BF7A3C9D4203}"
EndProject
Global
	GlobalSection(SolutionConfigurationPlatforms) = preSolution
		Debug|Any CPU = Debug|Any CPU
		Release|Any CPU = Release|Any CPU
	EndGlobalSection
	GlobalSection(ProjectConfigurationPlatforms) = postSolution
		{FDE742E2-1D44-4B13-8E3D-BF7A3C9D4203}.Debug|Any CPU.ActiveCfg = Debug|Any CPU
		{FDE742E2-1D44-4B13-8E3D-BF7A3C9D4203}.Debug|Any CPU.Build.0 = Debug|Any CPU
		{FDE742E2-1D44-4B13-8E3D-BF7A3C9D4203}.Release|Any CPU.ActiveCfg = Release|Any CPU
		{FDE742E2-1D44-4B13-8E3D-BF7A3C9D4203}.Release|Any CPU.Build.0 = Release|Any CPU
	EndGlobalSection
	GlobalSection(SolutionProperties) = preSolution
		HideSolutionNode = FALSE
	EndGlobalSection
	GlobalSection(ExtensibilityGlobals) = postSolution
		SolutionGuid = {5760C1CB-A8AE-4CB1-B3DA-7FF155F51397}
	EndGlobalSection
EndGlobal
